// !$*UTF8*$!
{
	archiveVersion = 1;
	classes = {
	};
	objectVersion = 56;
	objects = {

/* Begin PBXBuildFile section */
		87DA4B872D59B1F50042B0EC /* AppDelegate.swift in Sources */ = {isa = PBXBuildFile; fileRef = 87DA4B862D59B1F50042B0EC /* AppDelegate.swift */; };
		87DA4B892D59B1F50042B0EC /* SceneDelegate.swift in Sources */ = {isa = PBXBuildFile; fileRef = 87DA4B882D59B1F50042B0EC /* SceneDelegate.swift */; };
		87DA4B8B2D59B1F50042B0EC /* ViewController.swift in Sources */ = {isa = PBXBuildFile; fileRef = 87DA4B8A2D59B1F50042B0EC /* ViewController.swift */; };
		87DA4B8E2D59B1F50042B0EC /* Main.storyboard in Resources */ = {isa = PBXBuildFile; fileRef = 87DA4B8C2D59B1F50042B0EC /* Main.storyboard */; };
		87DA4B902D59B1F80042B0EC /* Assets.xcassets in Resources */ = {isa = PBXBuildFile; fileRef = 87DA4B8F2D59B1F80042B0EC /* Assets.xcassets */; };
		87DA4B932D59B1F80042B0EC /* LaunchScreen.storyboard in Resources */ = {isa = PBXBuildFile; fileRef = 87DA4B912D59B1F80042B0EC /* LaunchScreen.storyboard */; };
		87DA4B9D2D59ECBF0042B0EC /* DreamsTableViewController.swift in Sources */ = {isa = PBXBuildFile; fileRef = 87DA4B9C2D59ECBF0042B0EC /* DreamsTableViewController.swift */; };
		87DA4B9F2D59ED4F0042B0EC /* HobbiesTableViewController.swift in Sources */ = {isa = PBXBuildFile; fileRef = 87DA4B9E2D59ED4F0042B0EC /* HobbiesTableViewController.swift */; };
		87DA4BA12D59EE140042B0EC /* Hobby.swift in Sources */ = {isa = PBXBuildFile; fileRef = 87DA4BA02D59EE140042B0EC /* Hobby.swift */; };
		87DA4BA32D5B4D440042B0EC /* Dreams.swift in Sources */ = {isa = PBXBuildFile; fileRef = 87DA4BA22D5B4D440042B0EC /* Dreams.swift */; };
		87DA4BA52D5B5F060042B0EC /* DreamDetailsViewController.swift in Sources */ = {isa = PBXBuildFile; fileRef = 87DA4BA42D5B5F060042B0EC /* DreamDetailsViewController.swift */; };
/* End PBXBuildFile section */

/* Begin PBXFileReference section */
		87DA4B832D59B1F50042B0EC /* aboutMe.app */ = {isa = PBXFileReference; explicitFileType = wrapper.application; includeInIndex = 0; path = aboutMe.app; sourceTree = BUILT_PRODUCTS_DIR; };
		87DA4B862D59B1F50042B0EC /* AppDelegate.swift */ = {isa = PBXFileReference; lastKnownFileType = sourcecode.swift; path = AppDelegate.swift; sourceTree = "<group>"; };
		87DA4B882D59B1F50042B0EC /* SceneDelegate.swift */ = {isa = PBXFileReference; lastKnownFileType = sourcecode.swift; path = SceneDelegate.swift; sourceTree = "<group>"; };
		87DA4B8A2D59B1F50042B0EC /* ViewController.swift */ = {isa = PBXFileReference; lastKnownFileType = sourcecode.swift; path = ViewController.swift; sourceTree = "<group>"; };
		87DA4B8D2D59B1F50042B0EC /* Base */ = {isa = PBXFileReference; lastKnownFileType = file.storyboard; name = Base; path = Base.lproj/Main.storyboard; sourceTree = "<group>"; };
		87DA4B8F2D59B1F80042B0EC /* Assets.xcassets */ = {isa = PBXFileReference; lastKnownFileType = folder.assetcatalog; path = Assets.xcassets; sourceTree = "<group>"; };
		87DA4B922D59B1F80042B0EC /* Base */ = {isa = PBXFileReference; lastKnownFileType = file.storyboard; name = Base; path = Base.lproj/LaunchScreen.storyboard; sourceTree = "<group>"; };
		87DA4B942D59B1F80042B0EC /* Info.plist */ = {isa = PBXFileReference; lastKnownFileType = text.plist.xml; path = Info.plist; sourceTree = "<group>"; };
		87DA4B9C2D59ECBF0042B0EC /* DreamsTableViewController.swift */ = {isa = PBXFileReference; lastKnownFileType = sourcecode.swift; path = DreamsTableViewController.swift; sourceTree = "<group>"; };
		87DA4B9E2D59ED4F0042B0EC /* HobbiesTableViewController.swift */ = {isa = PBXFileReference; lastKnownFileType = sourcecode.swift; path = HobbiesTableViewController.swift; sourceTree = "<group>"; };
		87DA4BA02D59EE140042B0EC /* Hobby.swift */ = {isa = PBXFileReference; lastKnownFileType = sourcecode.swift; path = Hobby.swift; sourceTree = "<group>"; };
		87DA4BA22D5B4D440042B0EC /* Dreams.swift */ = {isa = PBXFileReference; lastKnownFileType = sourcecode.swift; path = Dreams.swift; sourceTree = "<group>"; };
		87DA4BA42D5B5F060042B0EC /* DreamDetailsViewController.swift */ = {isa = PBXFileReference; lastKnownFileType = sourcecode.swift; path = DreamDetailsViewController.swift; sourceTree = "<group>"; };
/* End PBXFileReference section */

/* Begin PBXFrameworksBuildPhase section */
		87DA4B802D59B1F50042B0EC /* Frameworks */ = {
			isa = PBXFrameworksBuildPhase;
			buildActionMask = 2147483647;
			files = (
			);
			runOnlyForDeploymentPostprocessing = 0;
		};
/* End PBXFrameworksBuildPhase section */

/* Begin PBXGroup section */
		87DA4B7A2D59B1F40042B0EC = {
			isa = PBXGroup;
			children = (
				87DA4B852D59B1F50042B0EC /* aboutMe */,
				87DA4B842D59B1F50042B0EC /* Products */,
			);
			sourceTree = "<group>";
		};
		87DA4B842D59B1F50042B0EC /* Products */ = {
			isa = PBXGroup;
			children = (
				87DA4B832D59B1F50042B0EC /* aboutMe.app */,
			);
			name = Products;
			sourceTree = "<group>";
		};
		87DA4B852D59B1F50042B0EC /* aboutMe */ = {
			isa = PBXGroup;
			children = (
				87DA4B862D59B1F50042B0EC /* AppDelegate.swift */,
				87DA4B882D59B1F50042B0EC /* SceneDelegate.swift */,
				87DA4B8A2D59B1F50042B0EC /* ViewController.swift */,
				87DA4B8C2D59B1F50042B0EC /* Main.storyboard */,
				87DA4BA02D59EE140042B0EC /* Hobby.swift */,
				87DA4B9E2D59ED4F0042B0EC /* HobbiesTableViewController.swift */,
				87DA4BA22D5B4D440042B0EC /* Dreams.swift */,
				87DA4B9C2D59ECBF0042B0EC /* DreamsTableViewController.swift */,
				87DA4BA42D5B5F060042B0EC /* DreamDetailsViewController.swift */,
				87DA4B8F2D59B1F80042B0EC /* Assets.xcassets */,
				87DA4B912D59B1F80042B0EC /* LaunchScreen.storyboard */,
				87DA4B942D59B1F80042B0EC /* Info.plist */,
			);
			path = aboutMe;
			sourceTree = "<group>";
		};
/* End PBXGroup section */

/* Begin PBXNativeTarget section */
		87DA4B822D59B1F50042B0EC /* aboutMe */ = {
			isa = PBXNativeTarget;
			buildConfigurationList = 87DA4B972D59B1F80042B0EC /* Build configuration list for PBXNativeTarget "aboutMe" */;
			buildPhases = (
				87DA4B7F2D59B1F50042B0EC /* Sources */,
				87DA4B802D59B1F50042B0EC /* Frameworks */,
				87DA4B812D59B1F50042B0EC /* Resources */,
			);
			buildRules = (
			);
			dependencies = (
			);
			name = aboutMe;
			productName = aboutMe;
			productReference = 87DA4B832D59B1F50042B0EC /* aboutMe.app */;
			productType = "com.apple.product-type.application";
		};
/* End PBXNativeTarget section */

/* Begin PBXProject section */
		87DA4B7B2D59B1F40042B0EC /* Project object */ = {
			isa = PBXProject;
			attributes = {
				BuildIndependentTargetsInParallel = 1;
				LastSwiftUpdateCheck = 1520;
				LastUpgradeCheck = 1520;
				TargetAttributes = {
					87DA4B822D59B1F50042B0EC = {
						CreatedOnToolsVersion = 15.2;
					};
				};
			};
			buildConfigurationList = 87DA4B7E2D59B1F40042B0EC /* Build configuration list for PBXProject "aboutMe" */;
			compatibilityVersion = "Xcode 14.0";
			developmentRegion = en;
			hasScannedForEncodings = 0;
			knownRegions = (
				en,
				Base,
			);
			mainGroup = 87DA4B7A2D59B1F40042B0EC;
			productRefGroup = 87DA4B842D59B1F50042B0EC /* Products */;
			projectDirPath = "";
			projectRoot = "";
			targets = (
				87DA4B822D59B1F50042B0EC /* aboutMe */,
			);
		};
/* End PBXProject section */

/* Begin PBXResourcesBuildPhase section */
		87DA4B812D59B1F50042B0EC /* Resources */ = {
			isa = PBXResourcesBuildPhase;
			buildActionMask = 2147483647;
			files = (
				87DA4B932D59B1F80042B0EC /* LaunchScreen.storyboard in Resources */,
				87DA4B902D59B1F80042B0EC /* Assets.xcassets in Resources */,
				87DA4B8E2D59B1F50042B0EC /* Main.storyboard in Resources */,
			);
			runOnlyForDeploymentPostprocessing = 0;
		};
/* End PBXResourcesBuildPhase section */

/* Begin PBXSourcesBuildPhase section */
		87DA4B7F2D59B1F50042B0EC /* Sources */ = {
			isa = PBXSourcesBuildPhase;
			buildActionMask = 2147483647;
			files = (
				87DA4BA12D59EE140042B0EC /* Hobby.swift in Sources */,
				87DA4BA32D5B4D440042B0EC /* Dreams.swift in Sources */,
				87DA4BA52D5B5F060042B0EC /* DreamDetailsViewController.swift in Sources */,
				87DA4B8B2D59B1F50042B0EC /* ViewController.swift in Sources */,
				87DA4B9F2D59ED4F0042B0EC /* HobbiesTableViewController.swift in Sources */,
				87DA4B872D59B1F50042B0EC /* AppDelegate.swift in Sources */,
				87DA4B9D2D59ECBF0042B0EC /* DreamsTableViewController.swift in Sources */,
				87DA4B892D59B1F50042B0EC /* SceneDelegate.swift in Sources */,
			);
			runOnlyForDeploymentPostprocessing = 0;
		};
/* End PBXSourcesBuildPhase section */

/* Begin PBXVariantGroup section */
		87DA4B8C2D59B1F50042B0EC /* Main.storyboard */ = {
			isa = PBXVariantGroup;
			children = (
				87DA4B8D2D59B1F50042B0EC /* Base */,
			);
			name = Main.storyboard;
			sourceTree = "<group>";
		};
		87DA4B912D59B1F80042B0EC /* LaunchScreen.storyboard */ = {
			isa = PBXVariantGroup;
			children = (
				87DA4B922D59B1F80042B0EC /* Base */,
			);
			name = LaunchScreen.storyboard;
			sourceTree = "<group>";
		};
/* End PBXVariantGroup section */

/* Begin XCBuildConfiguration section */
		87DA4B952D59B1F80042B0EC /* Debug */ = {
			isa = XCBuildConfiguration;
			buildSettings = {
				ALWAYS_SEARCH_USER_PATHS = NO;
				ASSETCATALOG_COMPILER_GENERATE_SWIFT_ASSET_SYMBOL_EXTENSIONS = YES;
				CLANG_ANALYZER_NONNULL = YES;
				CLANG_ANALYZER_NUMBER_OBJECT_CONVERSION = YES_AGGRESSIVE;
				CLANG_CXX_LANGUAGE_STANDARD = "gnu++20";
				CLANG_ENABLE_MODULES = YES;
				CLANG_ENABLE_OBJC_ARC = YES;
				CLANG_ENABLE_OBJC_WEAK = YES;
				CLANG_WARN_BLOCK_CAPTURE_AUTORELEASING = YES;
				CLANG_WARN_BOOL_CONVERSION = YES;
				CLANG_WARN_COMMA = YES;
				CLANG_WARN_CONSTANT_CONVERSION = YES;
				CLANG_WARN_DEPRECATED_OBJC_IMPLEMENTATIONS = YES;
				CLANG_WARN_DIRECT_OBJC_ISA_USAGE = YES_ERROR;
				CLANG_WARN_DOCUMENTATION_COMMENTS = YES;
				CLANG_WARN_EMPTY_BODY = YES;
				CLANG_WARN_ENUM_CONVERSION = YES;
				CLANG_WARN_INFINITE_RECURSION = YES;
				CLANG_WARN_INT_CONVERSION = YES;
				CLANG_WARN_NON_LITERAL_NULL_CONVERSION = YES;
				CLANG_WARN_OBJC_IMPLICIT_RETAIN_SELF = YES;
				CLANG_WARN_OBJC_LITERAL_CONVERSION = YES;
				CLANG_WARN_OBJC_ROOT_CLASS = YES_ERROR;
				CLANG_WARN_QUOTED_INCLUDE_IN_FRAMEWORK_HEADER = YES;
				CLANG_WARN_RANGE_LOOP_ANALYSIS = YES;
				CLANG_WARN_STRICT_PROTOTYPES = YES;
				CLANG_WARN_SUSPICIOUS_MOVE = YES;
				CLANG_WARN_UNGUARDED_AVAILABILITY = YES_AGGRESSIVE;
				CLANG_WARN_UNREACHABLE_CODE = YES;
				CLANG_WARN__DUPLICATE_METHOD_MATCH = YES;
				COPY_PHASE_STRIP = NO;
				DEBUG_INFORMATION_FORMAT = dwarf;
				ENABLE_STRICT_OBJC_MSGSEND = YES;
				ENABLE_TESTABILITY = YES;
				ENABLE_USER_SCRIPT_SANDBOXING = YES;
				GCC_C_LANGUAGE_STANDARD = gnu17;
				GCC_DYNAMIC_NO_PIC = NO;
				GCC_NO_COMMON_BLOCKS = YES;
				GCC_OPTIMIZATION_LEVEL = 0;
				GCC_PREPROCESSOR_DEFINITIONS = (
					"DEBUG=1",
					"$(inherited)",
				);
				GCC_WARN_64_TO_32_BIT_CONVERSION = YES;
				GCC_WARN_ABOUT_RETURN_TYPE = YES_ERROR;
				GCC_WARN_UNDECLARED_SELECTOR = YES;
				GCC_WARN_UNINITIALIZED_AUTOS = YES_AGGRESSIVE;
				GCC_WARN_UNUSED_FUNCTION = YES;
				GCC_WARN_UNUSED_VARIABLE = YES;
				IPHONEOS_DEPLOYMENT_TARGET = 17.2;
				LOCALIZATION_PREFERS_STRING_CATALOGS = YES;
				MTL_ENABLE_DEBUG_INFO = INCLUDE_SOURCE;
				MTL_FAST_MATH = YES;
				ONLY_ACTIVE_ARCH = YES;
				SDKROOT = iphoneos;
				SWIFT_ACTIVE_COMPILATION_CONDITIONS = "DEBUG $(inherited)";
				SWIFT_OPTIMIZATION_LEVEL = "-Onone";
			};
			name = Debug;
		};
		87DA4B962D59B1F80042B0EC /* Release */ = {
			isa = XCBuildConfiguration;
			buildSettings = {
				ALWAYS_SEARCH_USER_PATHS = NO;
				ASSETCATALOG_COMPILER_GENERATE_SWIFT_ASSET_SYMBOL_EXTENSIONS = YES;
				CLANG_ANALYZER_NONNULL = YES;
				CLANG_ANALYZER_NUMBER_OBJECT_CONVERSION = YES_AGGRESSIVE;
				CLANG_CXX_LANGUAGE_STANDARD = "gnu++20";
				CLANG_ENABLE_MODULES = YES;
				CLANG_ENABLE_OBJC_ARC = YES;
				CLANG_ENABLE_OBJC_WEAK = YES;
				CLANG_WARN_BLOCK_CAPTURE_AUTORELEASING = YES;
				CLANG_WARN_BOOL_CONVERSION = YES;
				CLANG_WARN_COMMA = YES;
				CLANG_WARN_CONSTANT_CONVERSION = YES;
				CLANG_WARN_DEPRECATED_OBJC_IMPLEMENTATIONS = YES;
				CLANG_WARN_DIRECT_OBJC_ISA_USAGE = YES_ERROR;
				CLANG_WARN_DOCUMENTATION_COMMENTS = YES;
				CLANG_WARN_EMPTY_BODY = YES;
				CLANG_WARN_ENUM_CONVERSION = YES;
				CLANG_WARN_INFINITE_RECURSION = YES;
				CLANG_WARN_INT_CONVERSION = YES;
				CLANG_WARN_NON_LITERAL_NULL_CONVERSION = YES;
				CLANG_WARN_OBJC_IMPLICIT_RETAIN_SELF = YES;
				CLANG_WARN_OBJC_LITERAL_CONVERSION = YES;
				CLANG_WARN_OBJC_ROOT_CLASS = YES_ERROR;
				CLANG_WARN_QUOTED_INCLUDE_IN_FRAMEWORK_HEADER = YES;
				CLANG_WARN_RANGE_LOOP_ANALYSIS = YES;
				CLANG_WARN_STRICT_PROTOTYPES = YES;
				CLANG_WARN_SUSPICIOUS_MOVE = YES;
				CLANG_WARN_UNGUARDED_AVAILABILITY = YES_AGGRESSIVE;
				CLANG_WARN_UNREACHABLE_CODE = YES;
				CLANG_WARN__DUPLICATE_METHOD_MATCH = YES;
				COPY_PHASE_STRIP = NO;
				DEBUG_INFORMATION_FORMAT = "dwarf-with-dsym";
				ENABLE_NS_ASSERTIONS = NO;
				ENABLE_STRICT_OBJC_MSGSEND = YES;
				ENABLE_USER_SCRIPT_SANDBOXING = YES;
				GCC_C_LANGUAGE_STANDARD = gnu17;
				GCC_NO_COMMON_BLOCKS = YES;
				GCC_WARN_64_TO_32_BIT_CONVERSION = YES;
				GCC_WARN_ABOUT_RETURN_TYPE = YES_ERROR;
				GCC_WARN_UNDECLARED_SELECTOR = YES;
				GCC_WARN_UNINITIALIZED_AUTOS = YES_AGGRESSIVE;
				GCC_WARN_UNUSED_FUNCTION = YES;
				GCC_WARN_UNUSED_VARIABLE = YES;
				IPHONEOS_DEPLOYMENT_TARGET = 17.2;
				LOCALIZATION_PREFERS_STRING_CATALOGS = YES;
				MTL_ENABLE_DEBUG_INFO = NO;
				MTL_FAST_MATH = YES;
				SDKROOT = iphoneos;
				SWIFT_COMPILATION_MODE = wholemodule;
				VALIDATE_PRODUCT = YES;
			};
			name = Release;
		};
		87DA4B982D59B1F80042B0EC /* Debug */ = {
			isa = XCBuildConfiguration;
			buildSettings = {
				ASSETCATALOG_COMPILER_APPICON_NAME = AppIcon;
				ASSETCATALOG_COMPILER_GLOBAL_ACCENT_COLOR_NAME = AccentColor;
				CODE_SIGN_STYLE = Automatic;
				CURRENT_PROJECT_VERSION = 1;
				DEVELOPMENT_TEAM = F2XWXZ5UWZ;
				GENERATE_INFOPLIST_FILE = YES;
				INFOPLIST_FILE = aboutMe/Info.plist;
				INFOPLIST_KEY_UIApplicationSupportsIndirectInputEvents = YES;
				INFOPLIST_KEY_UILaunchStoryboardName = LaunchScreen;
				INFOPLIST_KEY_UIMainStoryboardFile = Main;
				INFOPLIST_KEY_UISupportedInterfaceOrientations = "UIInterfaceOrientationLandscapeLeft UIInterfaceOrientationLandscapeRight UIInterfaceOrientationPortrait";
				INFOPLIST_KEY_UISupportedInterfaceOrientations_iPad = UIInterfaceOrientationPortrait;
				LD_RUNPATH_SEARCH_PATHS = (
					"$(inherited)",
					"@executable_path/Frameworks",
				);
				MARKETING_VERSION = 1.0;
				PRODUCT_BUNDLE_IDENTIFIER = com.aziza.aboutMe;
				PRODUCT_NAME = "$(TARGET_NAME)";
				SWIFT_EMIT_LOC_STRINGS = YES;
				SWIFT_VERSION = 5.0;
				TARGETED_DEVICE_FAMILY = "1,2";
			};
			name = Debug;
		};
		87DA4B992D59B1F80042B0EC /* Release */ = {
			isa = XCBuildConfiguration;
			buildSettings = {
				ASSETCATALOG_COMPILER_APPICON_NAME = AppIcon;
				ASSETCATALOG_COMPILER_GLOBAL_ACCENT_COLOR_NAME = AccentColor;
				CODE_SIGN_STYLE = Automatic;
				CURRENT_PROJECT_VERSION = 1;
				DEVELOPMENT_TEAM = F2XWXZ5UWZ;
				GENERATE_INFOPLIST_FILE = YES;
				INFOPLIST_FILE = aboutMe/Info.plist;
				INFOPLIST_KEY_UIApplicationSupportsIndirectInputEvents = YES;
				INFOPLIST_KEY_UILaunchStoryboardName = LaunchScreen;
				INFOPLIST_KEY_UIMainStoryboardFile = Main;
				INFOPLIST_KEY_UISupportedInterfaceOrientations = "UIInterfaceOrientationLandscapeLeft UIInterfaceOrientationLandscapeRight UIInterfaceOrientationPortrait";
				INFOPLIST_KEY_UISupportedInterfaceOrientations_iPad = UIInterfaceOrientationPortrait;
				LD_RUNPATH_SEARCH_PATHS = (
					"$(inherited)",
					"@executable_path/Frameworks",
				);
				MARKETING_VERSION = 1.0;
				PRODUCT_BUNDLE_IDENTIFIER = com.aziza.aboutMe;
				PRODUCT_NAME = "$(TARGET_NAME)";
				SWIFT_EMIT_LOC_STRINGS = YES;
				SWIFT_VERSION = 5.0;
				TARGETED_DEVICE_FAMILY = "1,2";
			};
			name = Release;
		};
/* End XCBuildConfiguration section */

/* Begin XCConfigurationList section */
		87DA4B7E2D59B1F40042B0EC /* Build configuration list for PBXProject "aboutMe" */ = {
			isa = XCConfigurationList;
			buildConfigurations = (
				87DA4B952D59B1F80042B0EC /* Debug */,
				87DA4B962D59B1F80042B0EC /* Release */,
			);
			defaultConfigurationIsVisible = 0;
			defaultConfigurationName = Release;
		};
		87DA4B972D59B1F80042B0EC /* Build configuration list for PBXNativeTarget "aboutMe" */ = {
			isa = XCConfigurationList;
			buildConfigurations = (
				87DA4B982D59B1F80042B0EC /* Debug */,
				87DA4B992D59B1F80042B0EC /* Release */,
			);
			defaultConfigurationIsVisible = 0;
			defaultConfigurationName = Release;
		};
/* End XCConfigurationList section */
	};
	rootObject = 87DA4B7B2D59B1F40042B0EC /* Project object */;
}
